{
  "lockfileVersion": 1,
  "workspaces": {
    "": {
      "name": "guilded-economy-bot",
      "dependencies": {
        "@discordjs/voice": "^0.19.0",
        "@orpc/client": "^1.9.2",
        "@orpc/server": "^1.9.2",
        "discord.js": "dev",
        "dotenv": "^17.2.3",
        "execa": "^9.6.0",
        "ffmpeg-static": "^5.2.0",
        "glob": "^11.0.3",
        "openai": "^6.1.0",
      },
      "devDependencies": {
        "@faker-js/faker": "^10.0.0",
        "@snazzah/davey": "^0.1.7",
        "@types/bun": "^1.2.23",
        "@types/node": "^24.6.2",
        "@typescript/native-preview": "latest",
        "oxlint": "^1.19.0",
        "oxlint-tsgolint": "^0.2.0",
      },
    },
  },
  "packages": {
    "@derhuerst/http-basic": ["@derhuerst/http-basic@8.2.4", "", { "dependencies": { "caseless": "^0.12.0", "concat-stream": "^2.0.0", "http-response-object": "^3.0.1", "parse-cache-control": "^1.0.1" } }, "sha512-F9rL9k9Xjf5blCz8HsJRO4diy111cayL2vkY2XE4r4t3n0yPXVYy3KD3nJ1qbrSn9743UWSXH4IwuCa/HWlGFw=="],

    "@discordjs/builders": ["@discordjs/builders@2.0.0-dev.1759363313-f510b5ffa", "", { "dependencies": { "@discordjs/util": "^2.0.0-dev.1759363313-f510b5ffa", "discord-api-types": "^0.38.23", "ts-mixer": "^6.0.4", "tslib": "^2.8.1", "zod": "^4.0.17" } }, "sha512-MORqSl+/RtNHavjgRA4GqYdE4URoFL4J52vu0OCV3UNhQmCj/WQTL/FQHxeGSaPfkDdYNOmwnUn4XEA6dZhc5Q=="],

    "@discordjs/collection": ["@discordjs/collection@3.0.0-dev.1759363313-f510b5ffa", "", {}, "sha512-qEeT3PdItXKrZgr3Mx4+Glp2gPylguxAFKFFICe/YIs6RqW7ln5fh+5mW11ekPyhdsE4EZdOY3vP03SuQwC1VQ=="],

    "@discordjs/formatters": ["@discordjs/formatters@1.0.0-dev.1759363313-f510b5ffa", "", { "dependencies": { "discord-api-types": "^0.38.23" } }, "sha512-94/RDfYgdHRc1JOaMg687O5h53v4FdnJAG8fuRPpkOqZgTLtLSsnfGRUEKqwSr5dtyTOPIO3quTP23B2ImIjpA=="],

    "@discordjs/rest": ["@discordjs/rest@3.0.0-dev.1759363313-f510b5ffa", "", { "dependencies": { "@discordjs/collection": "^3.0.0-dev.1759363313-f510b5ffa", "@discordjs/util": "^2.0.0-dev.1759363313-f510b5ffa", "@sapphire/async-queue": "^1.5.5", "@sapphire/snowflake": "^3.5.5", "@vladfrangu/async_event_emitter": "^2.4.6", "discord-api-types": "^0.38.23", "magic-bytes.js": "^1.12.1", "tslib": "^2.8.1", "undici": "7.11.0", "uuid": "^11.1.0" } }, "sha512-4LCncMfpZwtPG68Lv36th7WvwDZeTs0zok6AKNXt0Hp6E5CZ76bw92hACJmfergtPsD5/Ds75O9Fh0xptd2B1w=="],

    "@discordjs/util": ["@discordjs/util@2.0.0-dev.1759363313-f510b5ffa", "", {}, "sha512-84PwcSH7ZQnsMluBr43IfoCbhPN1V18nH2FOzm6+JdUPKeh0peStaRljSwiTRRFDcdY5CufcNvde/5kksH0kJA=="],

    "@discordjs/voice": ["@discordjs/voice@0.19.0", "", { "dependencies": { "@types/ws": "^8.18.1", "discord-api-types": "^0.38.16", "prism-media": "^1.3.5", "tslib": "^2.8.1", "ws": "^8.18.3" } }, "sha512-UyX6rGEXzVyPzb1yvjHtPfTlnLvB5jX/stAMdiytHhfoydX+98hfympdOwsnTktzr+IRvphxTbdErgYDJkEsvw=="],

    "@discordjs/ws": ["@discordjs/ws@3.0.0-dev.1759363313-f510b5ffa", "", { "dependencies": { "@discordjs/collection": "^3.0.0-dev.1759363313-f510b5ffa", "@discordjs/util": "^2.0.0-dev.1759363313-f510b5ffa", "@sapphire/async-queue": "^1.5.5", "@types/ws": "^8.18.1", "@vladfrangu/async_event_emitter": "^2.4.6", "discord-api-types": "^0.38.23", "tslib": "^2.8.1", "ws": "^8.18.3" } }, "sha512-/FZX2LaPkTt3E8KAWB7dJ6uGRFmbtGPdgZ3a/hunePznXDU9syTbWoA4Vh6PNbJN09VKJxW3ihSxgLM/P87KkA=="],

    "@emnapi/core": ["@emnapi/core@1.5.0", "", { "dependencies": { "@emnapi/wasi-threads": "1.1.0", "tslib": "^2.4.0" } }, "sha512-sbP8GzB1WDzacS8fgNPpHlp6C9VZe+SJP3F90W9rLemaQj2PzIuTEl1qDOYQf58YIpyjViI24y9aPWCjEzY2cg=="],

    "@emnapi/runtime": ["@emnapi/runtime@1.5.0", "", { "dependencies": { "tslib": "^2.4.0" } }, "sha512-97/BJ3iXHww3djw6hYIfErCZFee7qCtrneuLa20UXFCOTCfBM2cvQHjWJ2EG0s0MtdNwInarqCTz35i4wWXHsQ=="],

    "@emnapi/wasi-threads": ["@emnapi/wasi-threads@1.1.0", "", { "dependencies": { "tslib": "^2.4.0" } }, "sha512-WI0DdZ8xFSbgMjR1sFsKABJ/C5OnRrjT06JXbZKexJGrDuPTzZdDYfFlsgcCXCyf+suG5QU2e/y1Wo2V/OapLQ=="],

    "@faker-js/faker": ["@faker-js/faker@10.0.0", "", {}, "sha512-UollFEUkVXutsaP+Vndjxar40Gs5JL2HeLcl8xO1QAjJgOdhc3OmBFWyEylS+RddWaaBiAzH+5/17PLQJwDiLw=="],

    "@isaacs/balanced-match": ["@isaacs/balanced-match@4.0.1", "", {}, "sha512-yzMTt9lEb8Gv7zRioUilSglI0c0smZ9k5D65677DLWLtWJaXIS3CqcGyUFByYKlnUj6TkjLVs54fBl6+TiGQDQ=="],

    "@isaacs/brace-expansion": ["@isaacs/brace-expansion@5.0.0", "", { "dependencies": { "@isaacs/balanced-match": "^4.0.1" } }, "sha512-ZT55BDLV0yv0RBm2czMiZ+SqCGO7AvmOM3G/w2xhVPH+te0aKgFjmBvGlL1dH+ql2tgGO3MVrbb3jCKyvpgnxA=="],

    "@isaacs/cliui": ["@isaacs/cliui@8.0.2", "", { "dependencies": { "string-width": "^5.1.2", "string-width-cjs": "npm:string-width@^4.2.0", "strip-ansi": "^7.0.1", "strip-ansi-cjs": "npm:strip-ansi@^6.0.1", "wrap-ansi": "^8.1.0", "wrap-ansi-cjs": "npm:wrap-ansi@^7.0.0" } }, "sha512-O8jcjabXaleOG9DQ0+ARXWZBTfnP4WNAqzuiJK7ll44AmxGKv/J2M4TPjxjY3znBCfvBXFzucm1twdyFybFqEA=="],

    "@napi-rs/wasm-runtime": ["@napi-rs/wasm-runtime@1.0.5", "", { "dependencies": { "@emnapi/core": "^1.5.0", "@emnapi/runtime": "^1.5.0", "@tybys/wasm-util": "^0.10.1" } }, "sha512-TBr9Cf9onSAS2LQ2+QHx6XcC6h9+RIzJgbqG3++9TUZSH204AwEy5jg3BTQ0VATsyoGj4ee49tN/y6rvaOOtcg=="],

    "@orpc/client": ["@orpc/client@1.9.2", "", { "dependencies": { "@orpc/shared": "1.9.2", "@orpc/standard-server": "1.9.2", "@orpc/standard-server-fetch": "1.9.2", "@orpc/standard-server-peer": "1.9.2" } }, "sha512-SWmRU8nXcuEFJojq3m2t6ygDqf7s8cbJpqcx/7nS/D3sZOa04aEHwweieCuvzow3a5am7NUZ73y6nmbhn0i0yQ=="],

    "@orpc/contract": ["@orpc/contract@1.9.2", "", { "dependencies": { "@orpc/client": "1.9.2", "@orpc/shared": "1.9.2", "@standard-schema/spec": "^1.0.0", "openapi-types": "^12.1.3" } }, "sha512-VwInrQMYlsPAwxK2nvI4khLAqVJFSvknQH5mptFpFFsXJxelzaKmgrkIkgi1G9jbWzwaaEK4e6xfY6ElMjWXGg=="],

    "@orpc/interop": ["@orpc/interop@1.9.2", "", {}, "sha512-wqVm2OaOuGbO9Tg1NXLb+YRbaWh+gQO2j2RmjofIjMhDmY7DAL0BI6J68YZqCjBbPnckClNIdTdG07JUUHFOxw=="],

    "@orpc/server": ["@orpc/server@1.9.2", "", { "dependencies": { "@orpc/client": "1.9.2", "@orpc/contract": "1.9.2", "@orpc/interop": "1.9.2", "@orpc/shared": "1.9.2", "@orpc/standard-server": "1.9.2", "@orpc/standard-server-aws-lambda": "1.9.2", "@orpc/standard-server-fetch": "1.9.2", "@orpc/standard-server-node": "1.9.2", "@orpc/standard-server-peer": "1.9.2", "cookie": "^1.0.2" }, "peerDependencies": { "crossws": ">=0.3.4", "ws": ">=8.18.1" }, "optionalPeers": ["crossws", "ws"] }, "sha512-P+XrR2W5NT9t7RZ8mGhpZ4W4UYPGQonWduyE+++cXV9c+CocYzXZdHrDAtycb+XFOUz5TbPC8ZuVw9zy0Bl1kA=="],

    "@orpc/shared": ["@orpc/shared@1.9.2", "", { "dependencies": { "radash": "^12.1.1", "type-fest": "^5.0.1" }, "peerDependencies": { "@opentelemetry/api": ">=1.9.0" }, "optionalPeers": ["@opentelemetry/api"] }, "sha512-AdxNCmEOMQ+nwX7M6WhuEqPX+ddRGff92H7RSGzA6xMfMppope+QKL325BQV3zkVjPCub4yw5M17vVqnVkcL5Q=="],

    "@orpc/standard-server": ["@orpc/standard-server@1.9.2", "", { "dependencies": { "@orpc/shared": "1.9.2" } }, "sha512-UdiBpRhZqkwjEey9KxVfQLyYs5aw8W0A1Dyx7wTxFYkExzNrObadYJRLMZsgdZnXMIOEUsEMVeaAsnTjkN25yQ=="],

    "@orpc/standard-server-aws-lambda": ["@orpc/standard-server-aws-lambda@1.9.2", "", { "dependencies": { "@orpc/shared": "1.9.2", "@orpc/standard-server": "1.9.2", "@orpc/standard-server-fetch": "1.9.2", "@orpc/standard-server-node": "1.9.2" } }, "sha512-SJkIfW/LpwJMjptH/FpivoGJEKNho4VciC8TIQ+I6FTKDJSOHXWSHelFOXphz1ziWMcSm6GH4uY00fDWyxNzGA=="],

    "@orpc/standard-server-fetch": ["@orpc/standard-server-fetch@1.9.2", "", { "dependencies": { "@orpc/shared": "1.9.2", "@orpc/standard-server": "1.9.2" } }, "sha512-ORVOEWao6KoecbcZ4tvuwcDHsBlPYDGTxHfWMM8L5xsmUQwP81ptmfvVpduPEIb7fWkAKaEZl9eFZSsOoZmmLA=="],

    "@orpc/standard-server-node": ["@orpc/standard-server-node@1.9.2", "", { "dependencies": { "@orpc/shared": "1.9.2", "@orpc/standard-server": "1.9.2", "@orpc/standard-server-fetch": "1.9.2" } }, "sha512-DH8GmqwnQnNIZZ8+lCha9/AJDjVCbjA2Xmn4ec7cQyQqIdl4Iqc37xGDJOCh2YLdXQtl/aZKD9MXm6CRqszISg=="],

    "@orpc/standard-server-peer": ["@orpc/standard-server-peer@1.9.2", "", { "dependencies": { "@orpc/shared": "1.9.2", "@orpc/standard-server": "1.9.2" } }, "sha512-fWBJKXfHWT3PpkXzFQ15+C0rdG0XKBb+hkAuxtxpLs6LhyA7Ea74/GIiMjPLfn0KihRsdSgyLBo6Pnzr7jGXtA=="],

    "@oxlint-tsgolint/darwin-arm64": ["@oxlint-tsgolint/darwin-arm64@0.2.0", "", { "os": "darwin", "cpu": "arm64" }, "sha512-ayJO9SmiJ15oV3+svIw8bqun0ySdjiD7L+ddwNB4vOAgUX/rdX1KTBnDb/ZEk6MOFBnFgbbiEiLRJLlGtuFYVQ=="],

    "@oxlint-tsgolint/darwin-x64": ["@oxlint-tsgolint/darwin-x64@0.2.0", "", { "os": "darwin", "cpu": "x64" }, "sha512-iCrcjkqqyy3zq+yXOmNsjt/DiSU4u9yJ00hEr4oGSrrk7V0ju6eqrmsh8VGS74YLY3MCskTjeTyVDRR7huc3WQ=="],

    "@oxlint-tsgolint/linux-arm64": ["@oxlint-tsgolint/linux-arm64@0.2.0", "", { "os": "linux", "cpu": "arm64" }, "sha512-Kne4mrJGCZ0O+/ukcvWftCmDAEFUpMQ4q4wZdWVlnmNdTbtICIay3ofk/rzX0QoZmEZh0jy/G7p+5P0t9Bg5Sg=="],

    "@oxlint-tsgolint/linux-x64": ["@oxlint-tsgolint/linux-x64@0.2.0", "", { "os": "linux", "cpu": "x64" }, "sha512-DKGFSR71fnExWpJXvN32SqWuEcT1XXeI1CKpO63jgXTAUpVl9H/BXG3+gNptSoZqzqeFTj8jOgiaX6VkOABqGA=="],

    "@oxlint-tsgolint/win32-arm64": ["@oxlint-tsgolint/win32-arm64@0.2.0", "", { "os": "win32", "cpu": "arm64" }, "sha512-Grbkva1YH0eTRtv3MkVTFAycVwQSytcl8N52zNs1YresWwOlnNvNZ5EeLIaQaudcxwsbpZWR2Bdsfa467zDJTw=="],

    "@oxlint-tsgolint/win32-x64": ["@oxlint-tsgolint/win32-x64@0.2.0", "", { "os": "win32", "cpu": "x64" }, "sha512-asfPqgu7r1H8NmBNxfMpZER6WvrUTH8BDMPIcChBhrUjuSmt4UMyiyul3CEPZLPQcPlaWCeGnConTu3BabK4Fw=="],

    "@oxlint/darwin-arm64": ["@oxlint/darwin-arm64@1.19.0", "", { "os": "darwin", "cpu": "arm64" }, "sha512-dSozp6FXowhFEjmT0FC/iBWj9KziWfixxaYT367kOXZUyA0hvOzsLsBB780Swr40zvqklUR0d3fbZbziGHRJoQ=="],

    "@oxlint/darwin-x64": ["@oxlint/darwin-x64@1.19.0", "", { "os": "darwin", "cpu": "x64" }, "sha512-3OY1km70zTlH6b8K8AHSuaEaa4sntmAcBugMZBaJmHkioia7zxlAQV9xtQ2wsBSDQbBmcf1j5Y0NcHP7fmIZvA=="],

    "@oxlint/linux-arm64-gnu": ["@oxlint/linux-arm64-gnu@1.19.0", "", { "os": "linux", "cpu": "arm64" }, "sha512-TS9wmx9B/v1f/bNXu3lIEcdNIyS0m0H0+95YIWSTGG3q2cK3FVlyUiiAieZRUzXTN89n6JXtua6dK/TVCqbmkQ=="],

    "@oxlint/linux-arm64-musl": ["@oxlint/linux-arm64-musl@1.19.0", "", { "os": "linux", "cpu": "arm64" }, "sha512-o5RAxQfVEu7LsBUwSjEDNdM8sla8WlLMRULsTP3vgxyy1eLJxo2u+4McKtM9/P2KiZQw3NylDoaxU4Z4j/XeRQ=="],

    "@oxlint/linux-x64-gnu": ["@oxlint/linux-x64-gnu@1.19.0", "", { "os": "linux", "cpu": "x64" }, "sha512-QDgAP4TxXsupFEsEGYnaAaKXQQD1lJSi5Htl/b0Vl2xPz8BVBRH+bNDwVGEHVTxT7jdnO2gTEOmfEzOkRJprUQ=="],

    "@oxlint/linux-x64-musl": ["@oxlint/linux-x64-musl@1.19.0", "", { "os": "linux", "cpu": "x64" }, "sha512-iOQooyYzy7RR2yHNM8oHd2Zw6CdU7/G2Uf5ryFi/cF5NV5zlSH//QSkWwrk/kLF69wKqwE8S8snV7WnRA/tXjA=="],

    "@oxlint/win32-arm64": ["@oxlint/win32-arm64@1.19.0", "", { "os": "win32", "cpu": "arm64" }, "sha512-bvgA2fGpdBF/DpB5hZYQzx5fFFiiHxIiPF5zp24czvsIRkezVi9ZH04lCIVkMBxgvKhnU2jLXAn6E1Mbo4QrFw=="],

    "@oxlint/win32-x64": ["@oxlint/win32-x64@1.19.0", "", { "os": "win32", "cpu": "x64" }, "sha512-PloVn/e1kfMsiH0urM4XIhiY0TdqDjwJlzeX8pIKDmxUsKHsjcU8fmddsZSt7K16C2nR3SQVoso2AIR00mRieA=="],

    "@sapphire/async-queue": ["@sapphire/async-queue@1.5.5", "", {}, "sha512-cvGzxbba6sav2zZkH8GPf2oGk9yYoD5qrNWdu9fRehifgnFZJMV+nuy2nON2roRO4yQQ+v7MK/Pktl/HgfsUXg=="],

    "@sapphire/snowflake": ["@sapphire/snowflake@3.5.5", "", {}, "sha512-xzvBr1Q1c4lCe7i6sRnrofxeO1QTP/LKQ6A6qy0iB4x5yfiSfARMEQEghojzTNALDTcv8En04qYNIco9/K9eZQ=="],

    "@sec-ant/readable-stream": ["@sec-ant/readable-stream@0.4.1", "", {}, "sha512-831qok9r2t8AlxLko40y2ebgSDhenenCatLVeW/uBtnHPyhHOvG0C7TvfgecV+wHzIm5KUICgzmVpWS+IMEAeg=="],

    "@sindresorhus/merge-streams": ["@sindresorhus/merge-streams@4.0.0", "", {}, "sha512-tlqY9xq5ukxTUZBmoOp+m61cqwQD5pHJtFY3Mn8CA8ps6yghLH/Hw8UPdqg4OLmFW3IFlcXnQNmo/dh8HzXYIQ=="],

    "@snazzah/davey": ["@snazzah/davey@0.1.7", "", { "optionalDependencies": { "@snazzah/davey-android-arm-eabi": "0.1.7", "@snazzah/davey-android-arm64": "0.1.7", "@snazzah/davey-darwin-arm64": "0.1.7", "@snazzah/davey-darwin-x64": "0.1.7", "@snazzah/davey-freebsd-x64": "0.1.7", "@snazzah/davey-linux-arm-gnueabihf": "0.1.7", "@snazzah/davey-linux-arm64-gnu": "0.1.7", "@snazzah/davey-linux-arm64-musl": "0.1.7", "@snazzah/davey-linux-x64-gnu": "0.1.7", "@snazzah/davey-linux-x64-musl": "0.1.7", "@snazzah/davey-wasm32-wasi": "0.1.7", "@snazzah/davey-win32-arm64-msvc": "0.1.7", "@snazzah/davey-win32-ia32-msvc": "0.1.7", "@snazzah/davey-win32-x64-msvc": "0.1.7" } }, "sha512-qBWp9sHf9vvKqDhg2AGOgWjB9q7MZat2CAPIcaXe+XFWl7nCmriRnDcdIRy7CwKWK+ECiuO29/RSxxKuulo28w=="],

    "@snazzah/davey-android-arm-eabi": ["@snazzah/davey-android-arm-eabi@0.1.7", "", { "os": "android", "cpu": "arm" }, "sha512-GxkEpfFtaS8xZHN42NkTQhLFdYCQ9qxJvmG+qwYDL+wdv3s7Dl44o2lg5gwGOtQU8EZw9/lZkYi9TenYkStbFg=="],

    "@snazzah/davey-android-arm64": ["@snazzah/davey-android-arm64@0.1.7", "", { "os": "android", "cpu": "arm64" }, "sha512-EkC1Wz3IMBZfbaCE82+peV+vEFVCRL3HxTRKGIY5AXzkKGQSJJ7Est/6h9vTcQbBEbMj2RAXRbwcydukWJR2vg=="],

    "@snazzah/davey-darwin-arm64": ["@snazzah/davey-darwin-arm64@0.1.7", "", { "os": "darwin", "cpu": "arm64" }, "sha512-Iov5NUjhl5Q9XZHIuGLzd9PgQPm8ELI9NPiNt3r6VtSVHLp9/ktOgzaeEji0WnvvirrSb9MdpfTuyHnJjEXuRQ=="],

    "@snazzah/davey-darwin-x64": ["@snazzah/davey-darwin-x64@0.1.7", "", { "os": "darwin", "cpu": "x64" }, "sha512-P7WqV/9ttSW2kHlC1WME8ykMeo0LJBzqbC9lZ2aYH4IEdb5mp4lCzb82mcEc99Nxi8878c0k5Qaza6z4KeSdIA=="],

    "@snazzah/davey-freebsd-x64": ["@snazzah/davey-freebsd-x64@0.1.7", "", { "os": "freebsd", "cpu": "x64" }, "sha512-O8QxS4jGPCvvHa5EJIvP0Dm2JkMqe1RnfDU0qnIcSwzJseqQqwpM5vXSMt9E2Mi58RiUGwTRefr0I9+ttCrDzg=="],

    "@snazzah/davey-linux-arm-gnueabihf": ["@snazzah/davey-linux-arm-gnueabihf@0.1.7", "", { "os": "linux", "cpu": "arm" }, "sha512-30Gzhbg7kBbbg/Vdb75c5DUvHrwRglIXtTK0L3paxo5TCNXNFdfnSX5oLGjV4s1pyoFL8nWyq3/IzCcUIcHx5Q=="],

    "@snazzah/davey-linux-arm64-gnu": ["@snazzah/davey-linux-arm64-gnu@0.1.7", "", { "os": "linux", "cpu": "arm64" }, "sha512-kDpbZEb24bn84yDG7gG8KTLL1sTl+UHPEt83qD5G3Sm7L37DN+uABN4nw51wst1JzxWphq7tvSSjfqz9NES4Xg=="],

    "@snazzah/davey-linux-arm64-musl": ["@snazzah/davey-linux-arm64-musl@0.1.7", "", { "os": "linux", "cpu": "arm64" }, "sha512-J+6CnJ34OaoFYq9f8BQPSXWMF3HRjKg5UCEb0E64Q7wMz5+6o7hACd7kVjKnG3as7IjGMcgp6/SNtrht79ntjQ=="],

    "@snazzah/davey-linux-x64-gnu": ["@snazzah/davey-linux-x64-gnu@0.1.7", "", { "os": "linux", "cpu": "x64" }, "sha512-7+I6LN43WkALjrQGm/pp1fQg84pSnwicsLPZKthlEi1L2UP2d9k8JEtnhHXJ4pymLuPsAZu5nC8QMDoIJy+exw=="],

    "@snazzah/davey-linux-x64-musl": ["@snazzah/davey-linux-x64-musl@0.1.7", "", { "os": "linux", "cpu": "x64" }, "sha512-N17vBRkU401w8EOvHVem2di/zAqv3CDgm7LAnONm8S/CNpAeLQWrhbHdN6RHZEyhQk2trnfPh4+wiZbAoXek0A=="],

    "@snazzah/davey-wasm32-wasi": ["@snazzah/davey-wasm32-wasi@0.1.7", "", { "dependencies": { "@napi-rs/wasm-runtime": "^1.0.5" }, "cpu": "none" }, "sha512-BhtNJpqmP69sdSf5eyDqlIsZSjkHo6FebaXaYVH0qf3V9YYQdEbbjep3MrcIL2F0STfpceSi2v+vZTTwlZBbKw=="],

    "@snazzah/davey-win32-arm64-msvc": ["@snazzah/davey-win32-arm64-msvc@0.1.7", "", { "os": "win32", "cpu": "arm64" }, "sha512-oj/F1eQRQggMwqXNq6CY4UTqcFcCi/Wug99jWH8LepLVsYUdFxQUNTqkp51qarT+lbuX4L/ZZqZX4y4dhz6Lvg=="],

    "@snazzah/davey-win32-ia32-msvc": ["@snazzah/davey-win32-ia32-msvc@0.1.7", "", { "os": "win32", "cpu": "ia32" }, "sha512-T1qPP/pQm0qDaM7QGCYMzeXE1Xes0b3ckAQS2m27dt3FkD1Ki8FX2g77dcGOWqGkzDlNJj1drw/9QlgCt3Tcrw=="],

    "@snazzah/davey-win32-x64-msvc": ["@snazzah/davey-win32-x64-msvc@0.1.7", "", { "os": "win32", "cpu": "x64" }, "sha512-Z2NhImUYeApi/lNn7MBcn14dPa2dtgnp5taz43JDaPpl+2cinDm9kYjpFzJE9SZMlfsa//p2dhE9B8TEVi9bHQ=="],

    "@standard-schema/spec": ["@standard-schema/spec@1.0.0", "", {}, "sha512-m2bOd0f2RT9k8QJx1JN85cZYyH1RqFBdlwtkSlf4tBDYLCiiZnv1fIIwacK6cqwXavOydf0NPToMQgpKq+dVlA=="],

    "@tybys/wasm-util": ["@tybys/wasm-util@0.10.1", "", { "dependencies": { "tslib": "^2.4.0" } }, "sha512-9tTaPJLSiejZKx+Bmog4uSubteqTvFrVrURwkmHixBo0G4seD0zUxp98E1DzUBJxLQ3NPwXrGKDiVjwx/DpPsg=="],

    "@types/bun": ["@types/bun@1.2.23", "", { "dependencies": { "bun-types": "1.2.23" } }, "sha512-le8ueOY5b6VKYf19xT3McVbXqLqmxzPXHsQT/q9JHgikJ2X22wyTW3g3ohz2ZMnp7dod6aduIiq8A14Xyimm0A=="],

    "@types/node": ["@types/node@24.6.2", "", { "dependencies": { "undici-types": "~7.13.0" } }, "sha512-d2L25Y4j+W3ZlNAeMKcy7yDsK425ibcAOO2t7aPTz6gNMH0z2GThtwENCDc0d/Pw9wgyRqE5Px1wkV7naz8ang=="],

    "@types/react": ["@types/react@19.1.8", "", { "dependencies": { "csstype": "^3.0.2" } }, "sha512-AwAfQ2Wa5bCx9WP8nZL2uMZWod7J7/JSplxbTmBQ5ms6QpqNYm672H0Vu9ZVKVngQ+ii4R/byguVEUZQyeg44g=="],

    "@types/ws": ["@types/ws@8.18.1", "", { "dependencies": { "@types/node": "*" } }, "sha512-ThVF6DCVhA8kUGy+aazFQ4kXQ7E1Ty7A3ypFOe0IcJV8O/M511G99AW24irKrW56Wt44yG9+ij8FaqoBGkuBXg=="],

    "@typescript/native-preview": ["@typescript/native-preview@7.0.0-dev.20251003.1", "", { "optionalDependencies": { "@typescript/native-preview-darwin-arm64": "7.0.0-dev.20251003.1", "@typescript/native-preview-darwin-x64": "7.0.0-dev.20251003.1", "@typescript/native-preview-linux-arm": "7.0.0-dev.20251003.1", "@typescript/native-preview-linux-arm64": "7.0.0-dev.20251003.1", "@typescript/native-preview-linux-x64": "7.0.0-dev.20251003.1", "@typescript/native-preview-win32-arm64": "7.0.0-dev.20251003.1", "@typescript/native-preview-win32-x64": "7.0.0-dev.20251003.1" }, "bin": { "tsgo": "bin/tsgo.js" } }, "sha512-SB51lH81jSPaSVbHm9oRLG0No7OWecwoqFuIhERsvcxqS4kWtTIbU+ypUbCOsxz02Sauh0JVh4OhmmalmDCO7Q=="],

    "@typescript/native-preview-darwin-arm64": ["@typescript/native-preview-darwin-arm64@7.0.0-dev.20251003.1", "", { "os": "darwin", "cpu": "arm64" }, "sha512-kvxPHeCo2dkHMt2w0kcWBhe6FDv2VOdeBZIW/Lml0TI7sMz+ycEVDJ46acuS8xqSQbtcjjqk/Q9OSP/qQKJr6Q=="],

    "@typescript/native-preview-darwin-x64": ["@typescript/native-preview-darwin-x64@7.0.0-dev.20251003.1", "", { "os": "darwin", "cpu": "x64" }, "sha512-gJwM2B5TTpBf4kr4/Q6dOGFZuab/AVloj5sIcFdVT+NqNgTEHPkn6BH657Lb43FoCfudNzcMn1qFvo6B7S5RuA=="],

    "@typescript/native-preview-linux-arm": ["@typescript/native-preview-linux-arm@7.0.0-dev.20251003.1", "", { "os": "linux", "cpu": "arm" }, "sha512-LqbUC+qxNW4Y/Bxldo45mrnHLKwzPmnCO6hDxtD1S3/AB39YPA89Fe2M8TnbpI5e7HCXBw4l0vIyC38PEsuaYg=="],

    "@typescript/native-preview-linux-arm64": ["@typescript/native-preview-linux-arm64@7.0.0-dev.20251003.1", "", { "os": "linux", "cpu": "arm64" }, "sha512-7kkXJFpD6Qvzfqka8RDCdKKn76GWm0USsuO3FH4cBZT/PLeOhe2/Vq4V4FZ17iZ6jr1M7g4X6UyD6a7udBZ5jA=="],

    "@typescript/native-preview-linux-x64": ["@typescript/native-preview-linux-x64@7.0.0-dev.20251003.1", "", { "os": "linux", "cpu": "x64" }, "sha512-xkbrkDPQu/5QXR/l4rYrOfESIwZgeC5LDeCC3YmX0qMfZmoqYjVoW72B6lNmY/zypxRx1i5qY7gJsiECjoD3Gg=="],

    "@typescript/native-preview-win32-arm64": ["@typescript/native-preview-win32-arm64@7.0.0-dev.20251003.1", "", { "os": "win32", "cpu": "arm64" }, "sha512-jYOzReq0VD4R++pcc/SDYHu/+aMNPY3OLt6FUo9WSau13VmJSpgZaNiUzPBe2urPC9g2KSb7wvHc6nhG/44TZw=="],

    "@typescript/native-preview-win32-x64": ["@typescript/native-preview-win32-x64@7.0.0-dev.20251003.1", "", { "os": "win32", "cpu": "x64" }, "sha512-dlYP6+rIFP+gj4NuG3Kyp4h81202xOAbsS7xCA+Pc37Gdjo19ggKx+DdTyWN4bZFZPrzvClQ0wGYpECq6K+Nug=="],

    "@vladfrangu/async_event_emitter": ["@vladfrangu/async_event_emitter@2.4.6", "", {}, "sha512-RaI5qZo6D2CVS6sTHFKg1v5Ohq/+Bo2LZ5gzUEwZ/WkHhwtGTCB/sVLw8ijOkAUxasZ+WshN/Rzj4ywsABJ5ZA=="],

    "agent-base": ["agent-base@6.0.2", "", { "dependencies": { "debug": "4" } }, "sha512-RZNwNclF7+MS/8bDg70amg32dyeZGZxiDuQmZxKLAlQjr3jGyLx+4Kkk58UO7D2QdgFIQCovuSuZESne6RG6XQ=="],

    "ansi-regex": ["ansi-regex@6.1.0", "", {}, "sha512-7HSX4QQb4CspciLpVFwyRe79O3xsIZDDLER21kERQ71oaPodF8jL725AgJMFAYbooIqolJoRLuM81SpeUkpkvA=="],

    "ansi-styles": ["ansi-styles@6.2.1", "", {}, "sha512-bN798gFfQX+viw3R7yrGWRqnrN2oRkEkUjjl4JNn4E8GxxbjtG3FbrEIIY3l8/hrwUwIeCZvi4QuOTP4MErVug=="],

    "buffer-from": ["buffer-from@1.1.2", "", {}, "sha512-E+XQCRwSbaaiChtv6k6Dwgc+bx+Bs6vuKJHHl5kox/BaKbhiXzqQOwK4cO22yElGp2OCmjwVhT3HmxgyPGnJfQ=="],

    "bun-types": ["bun-types@1.2.23", "", { "dependencies": { "@types/node": "*" }, "peerDependencies": { "@types/react": "^19" } }, "sha512-R9f0hKAZXgFU3mlrA0YpE/fiDvwV0FT9rORApt2aQVWSuJDzZOyB5QLc0N/4HF57CS8IXJ6+L5E4W1bW6NS2Aw=="],

    "caseless": ["caseless@0.12.0", "", {}, "sha512-4tYFyifaFfGacoiObjJegolkwSU4xQNGbVgUiNYVUxbQ2x2lUsFvY4hVgVzGiIe6WLOPqycWXA40l+PWsxthUw=="],

    "color-convert": ["color-convert@2.0.1", "", { "dependencies": { "color-name": "~1.1.4" } }, "sha512-RRECPsj7iu/xb5oKYcsFHSppFNnsj/52OVTRKb4zP5onXwVF3zVmmToNcOfGC+CRDpfK/U584fMg38ZHCaElKQ=="],

    "color-name": ["color-name@1.1.4", "", {}, "sha512-dOy+3AuW3a2wNbZHIuMZpTcgjGuLU/uBL/ubcZF9OXbDo8ff4O8yVp5Bf0efS8uEoYo5q4Fx7dY9OgQGXgAsQA=="],

    "concat-stream": ["concat-stream@2.0.0", "", { "dependencies": { "buffer-from": "^1.0.0", "inherits": "^2.0.3", "readable-stream": "^3.0.2", "typedarray": "^0.0.6" } }, "sha512-MWufYdFw53ccGjCA+Ol7XJYpAlW6/prSMzuPOTRnJGcGzuhLn4Scrz7qf6o8bROZ514ltazcIFJZevcfbo0x7A=="],

    "cookie": ["cookie@1.0.2", "", {}, "sha512-9Kr/j4O16ISv8zBBhJoi4bXOYNTkFLOqSL3UDB0njXxCXNezjeyVrJyGOWtgfs/q2km1gwBcfH8q1yEGoMYunA=="],

    "cross-spawn": ["cross-spawn@7.0.6", "", { "dependencies": { "path-key": "^3.1.0", "shebang-command": "^2.0.0", "which": "^2.0.1" } }, "sha512-uV2QOWP2nWzsy2aMp8aRibhi9dlzF5Hgh5SHaB9OiTGEyDTiJJyx0uy51QXdyWbtAHNua4XJzUKca3OzKUd3vA=="],

    "csstype": ["csstype@3.1.3", "", {}, "sha512-M1uQkMl8rQK/szD0LNhtqxIPLpimGm8sOBwU7lLnCpSbTyY3yeU1Vc7l4KT5zT4s/yOxHH5O7tIuuLOCnLADRw=="],

    "debug": ["debug@4.4.3", "", { "dependencies": { "ms": "^2.1.3" } }, "sha512-RGwwWnwQvkVfavKVt22FGLw+xYSdzARwm0ru6DhTVA3umU5hZc28V3kO4stgYryrTlLpuvgI9GiijltAjNbcqA=="],

    "discord-api-types": ["discord-api-types@0.38.25", "", {}, "sha512-3edaLHuCdzzfTL1OCpl98G3mrlf+45FpxY+8f+5dRLnZD8R6QzIhapoCefqz6mhaygD+iqTVLtD4u6j57PRiFw=="],

    "discord.js": ["discord.js@15.0.0-dev.1759363313-f510b5ffa", "", { "dependencies": { "@discordjs/builders": "^2.0.0-dev.1759363313-f510b5ffa", "@discordjs/collection": "^3.0.0-dev.1759363313-f510b5ffa", "@discordjs/formatters": "^1.0.0-dev.1759363313-f510b5ffa", "@discordjs/rest": "^3.0.0-dev.1759363313-f510b5ffa", "@discordjs/util": "^2.0.0-dev.1759363313-f510b5ffa", "@discordjs/ws": "^3.0.0-dev.1759363313-f510b5ffa", "@sapphire/snowflake": "3.5.5", "@vladfrangu/async_event_emitter": "^2.4.6", "discord-api-types": "^0.38.23", "fast-deep-equal": "3.1.3", "lodash.snakecase": "4.1.1", "magic-bytes.js": "^1.12.1", "tslib": "^2.8.1", "undici": "7.11.0" } }, "sha512-SfnkqY+pzYiEugGKUuhIFgn1PbX2Tn0KntwDR3ggAzZRBZKgByrg2gqCpNb05VeNGUjC7m75gctKLZwSSXbB6A=="],

    "dotenv": ["dotenv@17.2.3", "", {}, "sha512-JVUnt+DUIzu87TABbhPmNfVdBDt18BLOWjMUFJMSi/Qqg7NTYtabbvSNJGOJ7afbRuv9D/lngizHtP7QyLQ+9w=="],

    "eastasianwidth": ["eastasianwidth@0.2.0", "", {}, "sha512-I88TYZWc9XiYHRQ4/3c5rjjfgkjhLyW2luGIheGERbNQ6OY7yTybanSpDXZa8y7VUP9YmDcYa+eyq4ca7iLqWA=="],

    "emoji-regex": ["emoji-regex@9.2.2", "", {}, "sha512-L18DaJsXSUk2+42pv8mLs5jJT2hqFkFE4j21wOmgbUqsZ2hL72NsUU785g9RXgo3s0ZNgVl42TiHp3ZtOv/Vyg=="],

    "env-paths": ["env-paths@2.2.1", "", {}, "sha512-+h1lkLKhZMTYjog1VEpJNG7NZJWcuc2DDk/qsqSTRRCOXiLjeQ1d1/udrUGhqMxUgAlwKNZ0cf2uqan5GLuS2A=="],

    "execa": ["execa@9.6.0", "", { "dependencies": { "@sindresorhus/merge-streams": "^4.0.0", "cross-spawn": "^7.0.6", "figures": "^6.1.0", "get-stream": "^9.0.0", "human-signals": "^8.0.1", "is-plain-obj": "^4.1.0", "is-stream": "^4.0.1", "npm-run-path": "^6.0.0", "pretty-ms": "^9.2.0", "signal-exit": "^4.1.0", "strip-final-newline": "^4.0.0", "yoctocolors": "^2.1.1" } }, "sha512-jpWzZ1ZhwUmeWRhS7Qv3mhpOhLfwI+uAX4e5fOcXqwMR7EcJ0pj2kV1CVzHVMX/LphnKWD3LObjZCoJ71lKpHw=="],

    "fast-deep-equal": ["fast-deep-equal@3.1.3", "", {}, "sha512-f3qQ9oQy9j2AhBe/H9VC91wLmKBCCU/gDOnKNAYG5hswO7BLKj09Hc5HYNz9cGI++xlpDCIgDaitVs03ATR84Q=="],

    "ffmpeg-static": ["ffmpeg-static@5.2.0", "", { "dependencies": { "@derhuerst/http-basic": "^8.2.0", "env-paths": "^2.2.0", "https-proxy-agent": "^5.0.0", "progress": "^2.0.3" } }, "sha512-WrM7kLW+do9HLr+H6tk7LzQ7kPqbAgLjdzNE32+u3Ff11gXt9Kkkd2nusGFrlWMIe+XaA97t+I8JS7sZIrvRgA=="],

    "figures": ["figures@6.1.0", "", { "dependencies": { "is-unicode-supported": "^2.0.0" } }, "sha512-d+l3qxjSesT4V7v2fh+QnmFnUWv9lSpjarhShNTgBOfA0ttejbQUAlHLitbjkoRiDulW0OPoQPYIGhIC8ohejg=="],

    "foreground-child": ["foreground-child@3.3.1", "", { "dependencies": { "cross-spawn": "^7.0.6", "signal-exit": "^4.0.1" } }, "sha512-gIXjKqtFuWEgzFRJA9WCQeSJLZDjgJUOMCMzxtvFq/37KojM1BFGufqsCy0r4qSQmYLsZYMeyRqzIWOMup03sw=="],

    "get-stream": ["get-stream@9.0.1", "", { "dependencies": { "@sec-ant/readable-stream": "^0.4.1", "is-stream": "^4.0.1" } }, "sha512-kVCxPF3vQM/N0B1PmoqVUqgHP+EeVjmZSQn+1oCRPxd2P21P2F19lIgbR3HBosbB1PUhOAoctJnfEn2GbN2eZA=="],

    "glob": ["glob@11.0.3", "", { "dependencies": { "foreground-child": "^3.3.1", "jackspeak": "^4.1.1", "minimatch": "^10.0.3", "minipass": "^7.1.2", "package-json-from-dist": "^1.0.0", "path-scurry": "^2.0.0" }, "bin": { "glob": "dist/esm/bin.mjs" } }, "sha512-2Nim7dha1KVkaiF4q6Dj+ngPPMdfvLJEOpZk/jKiUAkqKebpGAWQXAq9z1xu9HKu5lWfqw/FASuccEjyznjPaA=="],

    "http-response-object": ["http-response-object@3.0.2", "", { "dependencies": { "@types/node": "^10.0.3" } }, "sha512-bqX0XTF6fnXSQcEJ2Iuyr75yVakyjIDCqroJQ/aHfSdlM743Cwqoi2nDYMzLGWUcuTWGWy8AAvOKXTfiv6q9RA=="],

    "https-proxy-agent": ["https-proxy-agent@5.0.1", "", { "dependencies": { "agent-base": "6", "debug": "4" } }, "sha512-dFcAjpTQFgoLMzC2VwU+C/CbS7uRL0lWmxDITmqm7C+7F0Odmj6s9l6alZc6AELXhrnggM2CeWSXHGOdX2YtwA=="],

    "human-signals": ["human-signals@8.0.1", "", {}, "sha512-eKCa6bwnJhvxj14kZk5NCPc6Hb6BdsU9DZcOnmQKSnO1VKrfV0zCvtttPZUsBvjmNDn8rpcJfpwSYnHBjc95MQ=="],

    "inherits": ["inherits@2.0.4", "", {}, "sha512-k/vGaX4/Yla3WzyMCvTQOXYeIHvqOKtnqBduzTHpzpQZzAskKMhZ2K+EnBiSM9zGSoIFeMpXKxa4dYeZIQqewQ=="],

    "is-fullwidth-code-point": ["is-fullwidth-code-point@3.0.0", "", {}, "sha512-zymm5+u+sCsSWyD9qNaejV3DFvhCKclKdizYaJUuHA83RLjb7nSuGnddCHGv0hk+KY7BMAlsWeK4Ueg6EV6XQg=="],

    "is-plain-obj": ["is-plain-obj@4.1.0", "", {}, "sha512-+Pgi+vMuUNkJyExiMBt5IlFoMyKnr5zhJ4Uspz58WOhBF5QoIZkFyNHIbBAtHwzVAgk5RtndVNsDRN61/mmDqg=="],

    "is-stream": ["is-stream@4.0.1", "", {}, "sha512-Dnz92NInDqYckGEUJv689RbRiTSEHCQ7wOVeALbkOz999YpqT46yMRIGtSNl2iCL1waAZSx40+h59NV/EwzV/A=="],

    "is-unicode-supported": ["is-unicode-supported@2.1.0", "", {}, "sha512-mE00Gnza5EEB3Ds0HfMyllZzbBrmLOX3vfWoj9A9PEnTfratQ/BcaJOuMhnkhjXvb2+FkY3VuHqtAGpTPmglFQ=="],

    "isexe": ["isexe@2.0.0", "", {}, "sha512-RHxMLp9lnKHGHRng9QFhRCMbYAcVpn69smSGcq3f36xjgVVWThj4qqLbTLlq7Ssj8B+fIQ1EuCEGI2lKsyQeIw=="],

    "jackspeak": ["jackspeak@4.1.1", "", { "dependencies": { "@isaacs/cliui": "^8.0.2" } }, "sha512-zptv57P3GpL+O0I7VdMJNBZCu+BPHVQUk55Ft8/QCJjTVxrnJHuVuX/0Bl2A6/+2oyR/ZMEuFKwmzqqZ/U5nPQ=="],

    "lodash.snakecase": ["lodash.snakecase@4.1.1", "", {}, "sha512-QZ1d4xoBHYUeuouhEq3lk3Uq7ldgyFXGBhg04+oRLnIz8o9T65Eh+8YdroUwn846zchkA9yDsDl5CVVaV2nqYw=="],

    "lru-cache": ["lru-cache@11.1.0", "", {}, "sha512-QIXZUBJUx+2zHUdQujWejBkcD9+cs94tLn0+YL8UrCh+D5sCXZ4c7LaEH48pNwRY3MLDgqUFyhlCyjJPf1WP0A=="],

    "magic-bytes.js": ["magic-bytes.js@1.12.1", "", {}, "sha512-ThQLOhN86ZkJ7qemtVRGYM+gRgR8GEXNli9H/PMvpnZsE44Xfh3wx9kGJaldg314v85m+bFW6WBMaVHJc/c3zA=="],

    "minimatch": ["minimatch@10.0.3", "", { "dependencies": { "@isaacs/brace-expansion": "^5.0.0" } }, "sha512-IPZ167aShDZZUMdRk66cyQAW3qr0WzbHkPdMYa8bzZhlHhO3jALbKdxcaak7W9FfT2rZNpQuUu4Od7ILEpXSaw=="],

    "minipass": ["minipass@7.1.2", "", {}, "sha512-qOOzS1cBTWYF4BH8fVePDBOO9iptMnGUEZwNc/cMWnTV2nVLZ7VoNWEPHkYczZA0pdoA7dl6e7FL659nX9S2aw=="],

    "ms": ["ms@2.1.3", "", {}, "sha512-6FlzubTLZG3J2a/NVCAleEhjzq5oxgHyaCU9yYXvcLsvoVaHJq/s5xXI6/XXP6tz7R9xAOtHnSO/tXtF3WRTlA=="],

    "npm-run-path": ["npm-run-path@6.0.0", "", { "dependencies": { "path-key": "^4.0.0", "unicorn-magic": "^0.3.0" } }, "sha512-9qny7Z9DsQU8Ou39ERsPU4OZQlSTP47ShQzuKZ6PRXpYLtIFgl/DEBYEXKlvcEa+9tHVcK8CF81Y2V72qaZhWA=="],

    "openai": ["openai@6.1.0", "", { "peerDependencies": { "ws": "^8.18.0", "zod": "^3.25 || ^4.0" }, "optionalPeers": ["ws", "zod"], "bin": { "openai": "bin/cli" } }, "sha512-5sqb1wK67HoVgGlsPwcH2bUbkg66nnoIYKoyV9zi5pZPqh7EWlmSrSDjAh4O5jaIg/0rIlcDKBtWvZBuacmGZg=="],

    "openapi-types": ["openapi-types@12.1.3", "", {}, "sha512-N4YtSYJqghVu4iek2ZUvcN/0aqH1kRDuNqzcycDxhOUpg7GdvLa2F3DgS6yBNhInhv2r/6I0Flkn7CqL8+nIcw=="],

    "oxlint": ["oxlint@1.19.0", "", { "optionalDependencies": { "@oxlint/darwin-arm64": "1.19.0", "@oxlint/darwin-x64": "1.19.0", "@oxlint/linux-arm64-gnu": "1.19.0", "@oxlint/linux-arm64-musl": "1.19.0", "@oxlint/linux-x64-gnu": "1.19.0", "@oxlint/linux-x64-musl": "1.19.0", "@oxlint/win32-arm64": "1.19.0", "@oxlint/win32-x64": "1.19.0" }, "peerDependencies": { "oxlint-tsgolint": ">=0.2.0" }, "optionalPeers": ["oxlint-tsgolint"], "bin": { "oxlint": "bin/oxlint", "oxc_language_server": "bin/oxc_language_server" } }, "sha512-MGeclRJFKaROXcPKMHOuJpOhbC4qkbLeZqSlelQioV/5YeBk/qVYZafUUpVO/yQ28Pld3srsTQusFtPNkVuvNA=="],

    "oxlint-tsgolint": ["oxlint-tsgolint@0.2.0", "", { "optionalDependencies": { "@oxlint-tsgolint/darwin-arm64": "0.2.0", "@oxlint-tsgolint/darwin-x64": "0.2.0", "@oxlint-tsgolint/linux-arm64": "0.2.0", "@oxlint-tsgolint/linux-x64": "0.2.0", "@oxlint-tsgolint/win32-arm64": "0.2.0", "@oxlint-tsgolint/win32-x64": "0.2.0" }, "bin": { "tsgolint": "bin/tsgolint.js" } }, "sha512-37Hy+FT1sz8hHUo31JIgFDA8NcFndexrg5okutWRPXNejJwB9hKN+pyInaQQIv4XDsgNcQsSR2VJoq99eaGk9g=="],

    "package-json-from-dist": ["package-json-from-dist@1.0.1", "", {}, "sha512-UEZIS3/by4OC8vL3P2dTXRETpebLI2NiI5vIrjaD/5UtrkFX/tNbwjTSRAGC/+7CAo2pIcBaRgWmcBBHcsaCIw=="],

    "parse-cache-control": ["parse-cache-control@1.0.1", "", {}, "sha512-60zvsJReQPX5/QP0Kzfd/VrpjScIQ7SHBW6bFCYfEP+fp0Eppr1SHhIO5nd1PjZtvclzSzES9D/p5nFJurwfWg=="],

    "parse-ms": ["parse-ms@4.0.0", "", {}, "sha512-TXfryirbmq34y8QBwgqCVLi+8oA3oWx2eAnSn62ITyEhEYaWRlVZ2DvMM9eZbMs/RfxPu/PK/aBLyGj4IrqMHw=="],

    "path-key": ["path-key@3.1.1", "", {}, "sha512-ojmeN0qd+y0jszEtoY48r0Peq5dwMEkIlCOu6Q5f41lfkswXuKtYrhgoTpLnyIcHm24Uhqx+5Tqm2InSwLhE6Q=="],

    "path-scurry": ["path-scurry@2.0.0", "", { "dependencies": { "lru-cache": "^11.0.0", "minipass": "^7.1.2" } }, "sha512-ypGJsmGtdXUOeM5u93TyeIEfEhM6s+ljAhrk5vAvSx8uyY/02OvrZnA0YNGUrPXfpJMgI1ODd3nwz8Npx4O4cg=="],

    "pretty-ms": ["pretty-ms@9.2.0", "", { "dependencies": { "parse-ms": "^4.0.0" } }, "sha512-4yf0QO/sllf/1zbZWYnvWw3NxCQwLXKzIj0G849LSufP15BXKM0rbD2Z3wVnkMfjdn/CB0Dpp444gYAACdsplg=="],

    "prism-media": ["prism-media@1.3.5", "", { "peerDependencies": { "@discordjs/opus": ">=0.8.0 <1.0.0", "ffmpeg-static": "^5.0.2 || ^4.2.7 || ^3.0.0 || ^2.4.0", "node-opus": "^0.3.3", "opusscript": "^0.0.8" }, "optionalPeers": ["@discordjs/opus", "ffmpeg-static", "node-opus", "opusscript"] }, "sha512-IQdl0Q01m4LrkN1EGIE9lphov5Hy7WWlH6ulf5QdGePLlPas9p2mhgddTEHrlaXYjjFToM1/rWuwF37VF4taaA=="],

    "progress": ["progress@2.0.3", "", {}, "sha512-7PiHtLll5LdnKIMw100I+8xJXR5gW2QwWYkT6iJva0bXitZKa/XMrSbdmg3r2Xnaidz9Qumd0VPaMrZlF9V9sA=="],

    "radash": ["radash@12.1.1", "", {}, "sha512-h36JMxKRqrAxVD8201FrCpyeNuUY9Y5zZwujr20fFO77tpUtGa6EZzfKw/3WaiBX95fq7+MpsuMLNdSnORAwSA=="],

    "readable-stream": ["readable-stream@3.6.2", "", { "dependencies": { "inherits": "^2.0.3", "string_decoder": "^1.1.1", "util-deprecate": "^1.0.1" } }, "sha512-9u/sniCrY3D5WdsERHzHE4G2YCXqoG5FTHUiCC4SIbr6XcLZBY05ya9EKjYek9O5xOAwjGq+1JdGBAS7Q9ScoA=="],

    "safe-buffer": ["safe-buffer@5.2.1", "", {}, "sha512-rp3So07KcdmmKbGvgaNxQSJr7bGVSVk5S9Eq1F+ppbRo70+YeaDxkw5Dd8NPN+GD6bjnYm2VuPuCXmpuYvmCXQ=="],

    "shebang-command": ["shebang-command@2.0.0", "", { "dependencies": { "shebang-regex": "^3.0.0" } }, "sha512-kHxr2zZpYtdmrN1qDjrrX/Z1rR1kG8Dx+gkpK1G4eXmvXswmcE1hTWBWYUzlraYw1/yZp6YuDY77YtvbN0dmDA=="],

    "shebang-regex": ["shebang-regex@3.0.0", "", {}, "sha512-7++dFhtcx3353uBaq8DDR4NuxBetBzC7ZQOhmTQInHEd6bSrXdiEyzCvG07Z44UYdLShWUyXt5M/yhz8ekcb1A=="],

    "signal-exit": ["signal-exit@4.1.0", "", {}, "sha512-bzyZ1e88w9O1iNJbKnOlvYTrWPDl46O1bG0D3XInv+9tkPrxrN8jUUTiFlDkkmKWgn1M6CfIA13SuGqOa9Korw=="],

    "string-width": ["string-width@5.1.2", "", { "dependencies": { "eastasianwidth": "^0.2.0", "emoji-regex": "^9.2.2", "strip-ansi": "^7.0.1" } }, "sha512-HnLOCR3vjcY8beoNLtcjZ5/nxn2afmME6lhrDrebokqMap+XbeW8n9TXpPDOqdGK5qcI3oT0GKTW6wC7EMiVqA=="],

    "string-width-cjs": ["string-width@4.2.3", "", { "dependencies": { "emoji-regex": "^8.0.0", "is-fullwidth-code-point": "^3.0.0", "strip-ansi": "^6.0.1" } }, "sha512-wKyQRQpjJ0sIp62ErSZdGsjMJWsap5oRNihHhu6G7JVO/9jIB6UyevL+tXuOqrng8j/cxKTWyWUwvSTriiZz/g=="],

    "string_decoder": ["string_decoder@1.3.0", "", { "dependencies": { "safe-buffer": "~5.2.0" } }, "sha512-hkRX8U1WjJFd8LsDJ2yQ/wWWxaopEsABU1XfkM8A+j0+85JAGppt16cr1Whg6KIbb4okU6Mql6BOj+uup/wKeA=="],

    "strip-ansi": ["strip-ansi@7.1.0", "", { "dependencies": { "ansi-regex": "^6.0.1" } }, "sha512-iq6eVVI64nQQTRYq2KtEg2d2uU7LElhTJwsH4YzIHZshxlgZms/wIc4VoDQTlG/IvVIrBKG06CrZnp0qv7hkcQ=="],

    "strip-ansi-cjs": ["strip-ansi@6.0.1", "", { "dependencies": { "ansi-regex": "^5.0.1" } }, "sha512-Y38VPSHcqkFrCpFnQ9vuSXmquuv5oXOKpGeT6aGrr3o3Gc9AlVa6JBfUSOCnbxGGZF+/0ooI7KrPuUSztUdU5A=="],

    "strip-final-newline": ["strip-final-newline@4.0.0", "", {}, "sha512-aulFJcD6YK8V1G7iRB5tigAP4TsHBZZrOV8pjV++zdUwmeV8uzbY7yn6h9MswN62adStNZFuCIx4haBnRuMDaw=="],

    "tagged-tag": ["tagged-tag@1.0.0", "", {}, "sha512-yEFYrVhod+hdNyx7g5Bnkkb0G6si8HJurOoOEgC8B/O0uXLHlaey/65KRv6cuWBNhBgHKAROVpc7QyYqE5gFng=="],

    "ts-mixer": ["ts-mixer@6.0.4", "", {}, "sha512-ufKpbmrugz5Aou4wcr5Wc1UUFWOLhq+Fm6qa6P0w0K5Qw2yhaUoiWszhCVuNQyNwrlGiscHOmqYoAox1PtvgjA=="],

    "tslib": ["tslib@2.8.1", "", {}, "sha512-oJFu94HQb+KVduSUQL7wnpmqnfmLsOA/nAh6b6EH0wCEoK0/mPeXU6c3wKDV83MkOuHPRHtSXKKU99IBazS/2w=="],

    "type-fest": ["type-fest@5.0.1", "", { "dependencies": { "tagged-tag": "^1.0.0" } }, "sha512-9MpwAI52m8H6ssA542UxSLnSiSD2dsC3/L85g6hVubLSXd82wdI80eZwTWhdOfN67NlA+D+oipAs1MlcTcu3KA=="],

    "typedarray": ["typedarray@0.0.6", "", {}, "sha512-/aCDEGatGvZ2BIk+HmLf4ifCJFwvKFNb9/JeZPMulfgFracn9QFcAf5GO8B/mweUjSoblS5In0cWhqpfs/5PQA=="],

    "undici": ["undici@7.11.0", "", {}, "sha512-heTSIac3iLhsmZhUCjyS3JQEkZELateufzZuBaVM5RHXdSBMb1LPMQf5x+FH7qjsZYDP0ttAc3nnVpUB+wYbOg=="],

    "undici-types": ["undici-types@7.13.0", "", {}, "sha512-Ov2Rr9Sx+fRgagJ5AX0qvItZG/JKKoBRAVITs1zk7IqZGTJUwgUr7qoYBpWwakpWilTZFM98rG/AFRocu10iIQ=="],

    "unicorn-magic": ["unicorn-magic@0.3.0", "", {}, "sha512-+QBBXBCvifc56fsbuxZQ6Sic3wqqc3WWaqxs58gvJrcOuN83HGTCwz3oS5phzU9LthRNE9VrJCFCLUgHeeFnfA=="],

    "util-deprecate": ["util-deprecate@1.0.2", "", {}, "sha512-EPD5q1uXyFxJpCrLnCc1nHnq3gOa6DZBocAIiI2TaSCA7VCJ1UJDMagCzIkXNsUYfD1daK//LTEQ8xiIbrHtcw=="],

    "uuid": ["uuid@11.1.0", "", { "bin": { "uuid": "dist/esm/bin/uuid" } }, "sha512-0/A9rDy9P7cJ+8w1c9WD9V//9Wj15Ce2MPz8Ri6032usz+NfePxx5AcN3bN+r6ZL6jEo066/yNYB3tn4pQEx+A=="],

    "which": ["which@2.0.2", "", { "dependencies": { "isexe": "^2.0.0" }, "bin": { "node-which": "./bin/node-which" } }, "sha512-BLI3Tl1TW3Pvl70l3yq3Y64i+awpwXqsGBYWkkqMtnbXgrMD+yj7rhW0kuEDxzJaYXGjEW5ogapKNMEKNMjibA=="],

    "wrap-ansi": ["wrap-ansi@8.1.0", "", { "dependencies": { "ansi-styles": "^6.1.0", "string-width": "^5.0.1", "strip-ansi": "^7.0.1" } }, "sha512-si7QWI6zUMq56bESFvagtmzMdGOtoxfR+Sez11Mobfc7tm+VkUckk9bW2UeffTGVUbOksxmSw0AA2gs8g71NCQ=="],

    "wrap-ansi-cjs": ["wrap-ansi@7.0.0", "", { "dependencies": { "ansi-styles": "^4.0.0", "string-width": "^4.1.0", "strip-ansi": "^6.0.0" } }, "sha512-YVGIj2kamLSTxw6NsZjoBxfSwsn0ycdesmc4p+Q21c5zPuZ1pl+NfxVdxPtdHvmNVOQ6XSYG4AUtyt/Fi7D16Q=="],

    "ws": ["ws@8.18.3", "", { "peerDependencies": { "bufferutil": "^4.0.1", "utf-8-validate": ">=5.0.2" }, "optionalPeers": ["bufferutil", "utf-8-validate"] }, "sha512-PEIGCY5tSlUt50cqyMXfCzX+oOPqN0vuGqWzbcJ2xvnkzkq46oOpz7dQaTDBdfICb4N14+GARUDw2XV2N4tvzg=="],

    "yoctocolors": ["yoctocolors@2.1.1", "", {}, "sha512-GQHQqAopRhwU8Kt1DDM8NjibDXHC8eoh1erhGAJPEyveY9qqVeXvVikNKrDz69sHowPMorbPUrH/mx8c50eiBQ=="],

    "zod": ["zod@4.1.11", "", {}, "sha512-WPsqwxITS2tzx1bzhIKsEs19ABD5vmCVa4xBo2tq/SrV4RNZtfws1EnCWQXM6yh8bD08a1idvkB5MZSBiZsjwg=="],

    "@types/ws/@types/node": ["@types/node@22.14.1", "", { "dependencies": { "undici-types": "~6.21.0" } }, "sha512-u0HuPQwe/dHrItgHHpmw3N2fYCR6x4ivMNbPHRkBVP4CvN+kiRrKHWk3i8tXiO/joPwXLMYvF9TTF0eqgHIuOw=="],

    "bun-types/@types/node": ["@types/node@24.5.2", "", { "dependencies": { "undici-types": "~7.12.0" } }, "sha512-FYxk1I7wPv3K2XBaoyH2cTnocQEu8AOZ60hPbsyukMPLv5/5qr7V1i8PLHdl6Zf87I+xZXFvPCXYjiTFq+YSDQ=="],

    "http-response-object/@types/node": ["@types/node@10.17.60", "", {}, "sha512-F0KIgDJfy2nA3zMLmWGKxcH2ZVEtCZXHHdOQs2gSaQ27+lNeEfGxzkIw90aXswATX7AZ33tahPbzy6KAfUreVw=="],

    "npm-run-path/path-key": ["path-key@4.0.0", "", {}, "sha512-haREypq7xkM7ErfgIyA0z+Bj4AGKlMSdlQE2jvJo6huWD1EdkKYV+G/T4nq0YEF2vgTT8kqMFKo1uHn950r4SQ=="],

    "string-width-cjs/emoji-regex": ["emoji-regex@8.0.0", "", {}, "sha512-MSjYzcWNOA0ewAHpz0MxpYFvwg6yjy1NG3xteoqz644VCo/RPgnr1/GGt+ic3iJTzQ8Eu3TdM14SawnVUmGE6A=="],

    "string-width-cjs/strip-ansi": ["strip-ansi@6.0.1", "", { "dependencies": { "ansi-regex": "^5.0.1" } }, "sha512-Y38VPSHcqkFrCpFnQ9vuSXmquuv5oXOKpGeT6aGrr3o3Gc9AlVa6JBfUSOCnbxGGZF+/0ooI7KrPuUSztUdU5A=="],

    "strip-ansi-cjs/ansi-regex": ["ansi-regex@5.0.1", "", {}, "sha512-quJQXlTSUGL2LH9SUXo8VwsY4soanhgo6LNSm84E1LBcE8s3O0wpdiRzyR9z/ZZJMlMWv37qOOb9pdJlMUEKFQ=="],

    "wrap-ansi-cjs/ansi-styles": ["ansi-styles@4.3.0", "", { "dependencies": { "color-convert": "^2.0.1" } }, "sha512-zbB9rCJAT1rbjiVDb2hqKFHNYLxgtk8NURxZ3IZwD3F6NtxbXZQCnnSi1Lkx+IDohdPlFp222wVALIheZJQSEg=="],

    "wrap-ansi-cjs/string-width": ["string-width@4.2.3", "", { "dependencies": { "emoji-regex": "^8.0.0", "is-fullwidth-code-point": "^3.0.0", "strip-ansi": "^6.0.1" } }, "sha512-wKyQRQpjJ0sIp62ErSZdGsjMJWsap5oRNihHhu6G7JVO/9jIB6UyevL+tXuOqrng8j/cxKTWyWUwvSTriiZz/g=="],

    "wrap-ansi-cjs/strip-ansi": ["strip-ansi@6.0.1", "", { "dependencies": { "ansi-regex": "^5.0.1" } }, "sha512-Y38VPSHcqkFrCpFnQ9vuSXmquuv5oXOKpGeT6aGrr3o3Gc9AlVa6JBfUSOCnbxGGZF+/0ooI7KrPuUSztUdU5A=="],

    "@types/ws/@types/node/undici-types": ["undici-types@6.21.0", "", {}, "sha512-iwDZqg0QAGrg9Rav5H4n0M64c3mkR59cJ6wQp+7C4nI0gsmExaedaYLNO44eT4AtBBwjbTiGPMlt2Md0T9H9JQ=="],

    "bun-types/@types/node/undici-types": ["undici-types@7.12.0", "", {}, "sha512-goOacqME2GYyOZZfb5Lgtu+1IDmAlAEu5xnD3+xTzS10hT0vzpf0SPjkXwAw9Jm+4n/mQGDP3LO8CPbYROeBfQ=="],

    "string-width-cjs/strip-ansi/ansi-regex": ["ansi-regex@5.0.1", "", {}, "sha512-quJQXlTSUGL2LH9SUXo8VwsY4soanhgo6LNSm84E1LBcE8s3O0wpdiRzyR9z/ZZJMlMWv37qOOb9pdJlMUEKFQ=="],

    "wrap-ansi-cjs/string-width/emoji-regex": ["emoji-regex@8.0.0", "", {}, "sha512-MSjYzcWNOA0ewAHpz0MxpYFvwg6yjy1NG3xteoqz644VCo/RPgnr1/GGt+ic3iJTzQ8Eu3TdM14SawnVUmGE6A=="],

    "wrap-ansi-cjs/strip-ansi/ansi-regex": ["ansi-regex@5.0.1", "", {}, "sha512-quJQXlTSUGL2LH9SUXo8VwsY4soanhgo6LNSm84E1LBcE8s3O0wpdiRzyR9z/ZZJMlMWv37qOOb9pdJlMUEKFQ=="],
  }
}
